
Microsoft Visual Studio Solution File, Format Version 12.00
# Visual Studio Version 17
VisualStudioVersion = 17.11.35327.3
MinimumVisualStudioVersion = 10.0.40219.1
Project("{FAE04EC0-301F-11D3-BF4B-00C04F79EFBC}") = "ConsoleApp1", "ConsoleApp1\ConsoleApp1.csproj", "{C8D37B42-7947-4F61-9775-28F8810A9499}"
EndProject
Project("{54435603-DBB4-11D2-8724-00A0C9A8B90C}") = "KeyBoardViewerSetup", "KeyBoardViewerSetup\KeyBoardViewerSetup.vdproj", "{4CCA8C01-0D84-43A4-89D7-531D9B7197F7}"
EndProject
Project("{FAE04EC0-301F-11D3-BF4B-00C04F79EFBC}") = "RawInput", "RawInput\RawInput.csproj", "{7A5480DD-D7CC-4A0F-A278-1B75AB881750}"
EndProject
Project("{FAE04EC0-301F-11D3-BF4B-00C04F79EFBC}") = "KeyBoardViewer", "KeyBoardViewer\KeyBoardViewer.csproj", "{197DAE6D-4AA4-4F79-B5AF-49F7EEB96ACA}"
EndProject
Project("{FAE04EC0-301F-11D3-BF4B-00C04F79EFBC}") = "uninstall", "uninstall\uninstall.csproj", "{EC78FDFB-670B-408B-9C11-EA3C336CF9DF}"
EndProject
Project("{2150E333-8FDC-42A3-9474-1A3956D46DE8}") = "Solution Items", "Solution Items", "{58465F6F-4207-45B5-A5E0-AD2D129A004C}"
	ProjectSection(SolutionItems) = preProject
		.editorconfig = .editorconfig
	EndProjectSection
EndProject
Project("{FAE04EC0-301F-11D3-BF4B-00C04F79EFBC}") = "WpfApp1", "WpfApp1\WpfApp1.csproj", "{7A58523A-0B7D-4293-BFC0-21E5E530B595}"
EndProject
Project("{FAE04EC0-301F-11D3-BF4B-00C04F79EFBC}") = "KartRiderKeyViewer", "KartRiderKeyViewer\KartRiderKeyViewer.csproj", "{7CFD6019-A606-42DF-B3F0-458838DECAE7}"
EndProject
Project("{54435603-DBB4-11D2-8724-00A0C9A8B90C}") = "KartRiderKeViewerSetup", "KartRiderKeyViewerSetup\KartRiderKeyViewerSetup.vdproj", "{3B548DB1-13C5-414A-AE26-448E2BF56A41}"
EndProject
Global
	GlobalSection(SolutionConfigurationPlatforms) = preSolution
		Debug|Any CPU = Debug|Any CPU
		Release|Any CPU = Release|Any CPU
	EndGlobalSection
	GlobalSection(ProjectConfigurationPlatforms) = postSolution
		{C8D37B42-7947-4F61-9775-28F8810A9499}.Debug|Any CPU.ActiveCfg = Debug|Any CPU
		{C8D37B42-7947-4F61-9775-28F8810A9499}.Debug|Any CPU.Build.0 = Debug|Any CPU
		{C8D37B42-7947-4F61-9775-28F8810A9499}.Release|Any CPU.ActiveCfg = Release|Any CPU
		{C8D37B42-7947-4F61-9775-28F8810A9499}.Release|Any CPU.Build.0 = Release|Any CPU
		{4CCA8C01-0D84-43A4-89D7-531D9B7197F7}.Debug|Any CPU.ActiveCfg = Debug
		{4CCA8C01-0D84-43A4-89D7-531D9B7197F7}.Release|Any CPU.ActiveCfg = Release
		{7A5480DD-D7CC-4A0F-A278-1B75AB881750}.Debug|Any CPU.ActiveCfg = Debug|Any CPU
		{7A5480DD-D7CC-4A0F-A278-1B75AB881750}.Debug|Any CPU.Build.0 = Debug|Any CPU
		{7A5480DD-D7CC-4A0F-A278-1B75AB881750}.Release|Any CPU.ActiveCfg = Release|Any CPU
		{7A5480DD-D7CC-4A0F-A278-1B75AB881750}.Release|Any CPU.Build.0 = Release|Any CPU
		{197DAE6D-4AA4-4F79-B5AF-49F7EEB96ACA}.Debug|Any CPU.ActiveCfg = Debug|Any CPU
		{197DAE6D-4AA4-4F79-B5AF-49F7EEB96ACA}.Debug|Any CPU.Build.0 = Debug|Any CPU
		{197DAE6D-4AA4-4F79-B5AF-49F7EEB96ACA}.Release|Any CPU.ActiveCfg = Release|Any CPU
		{197DAE6D-4AA4-4F79-B5AF-49F7EEB96ACA}.Release|Any CPU.Build.0 = Release|Any CPU
		{EC78FDFB-670B-408B-9C11-EA3C336CF9DF}.Debug|Any CPU.ActiveCfg = Debug|Any CPU
		{EC78FDFB-670B-408B-9C11-EA3C336CF9DF}.Debug|Any CPU.Build.0 = Debug|Any CPU
		{EC78FDFB-670B-408B-9C11-EA3C336CF9DF}.Release|Any CPU.ActiveCfg = Release|Any CPU
		{EC78FDFB-670B-408B-9C11-EA3C336CF9DF}.Release|Any CPU.Build.0 = Release|Any CPU
		{7A58523A-0B7D-4293-BFC0-21E5E530B595}.Debug|Any CPU.ActiveCfg = Debug|Any CPU
		{7A58523A-0B7D-4293-BFC0-21E5E530B595}.Debug|Any CPU.Build.0 = Debug|Any CPU
		{7A58523A-0B7D-4293-BFC0-21E5E530B595}.Release|Any CPU.ActiveCfg = Release|Any CPU
		{7A58523A-0B7D-4293-BFC0-21E5E530B595}.Release|Any CPU.Build.0 = Release|Any CPU
		{7CFD6019-A606-42DF-B3F0-458838DECAE7}.Debug|Any CPU.ActiveCfg = Debug|Any CPU
		{7CFD6019-A606-42DF-B3F0-458838DECAE7}.Debug|Any CPU.Build.0 = Debug|Any CPU
		{7CFD6019-A606-42DF-B3F0-458838DECAE7}.Release|Any CPU.ActiveCfg = Release|Any CPU
		{7CFD6019-A606-42DF-B3F0-458838DECAE7}.Release|Any CPU.Build.0 = Release|Any CPU
		{3B548DB1-13C5-414A-AE26-448E2BF56A41}.Debug|Any CPU.ActiveCfg = Debug
		{3B548DB1-13C5-414A-AE26-448E2BF56A41}.Debug|Any CPU.Build.0 = Debug
		{3B548DB1-13C5-414A-AE26-448E2BF56A41}.Release|Any CPU.ActiveCfg = Release
		{3B548DB1-13C5-414A-AE26-448E2BF56A41}.Release|Any CPU.Build.0 = Release
	EndGlobalSection
	GlobalSection(SolutionProperties) = preSolution
		HideSolutionNode = FALSE
	EndGlobalSection
	GlobalSection(ExtensibilityGlobals) = postSolution
		SolutionGuid = {19239594-F3ED-49D0-98ED-7058C6058AD8}
	EndGlobalSection
EndGlobal
